// !$*UTF8*$!
{
	archiveVersion = 1;
	classes = {
	};
	objectVersion = 56;
	objects = {

/* Begin PBXBuildFile section */
		2614F8752CBA3291006EBE85 /* NetworkManager.swift in Sources */ = {isa = PBXBuildFile; fileRef = 2614F8742CBA3291006EBE85 /* NetworkManager.swift */; };
		268E22402CAFC5970017A422 /* AppDelegate.swift in Sources */ = {isa = PBXBuildFile; fileRef = 268E223F2CAFC5970017A422 /* AppDelegate.swift */; };
		268E22422CAFC5970017A422 /* SceneDelegate.swift in Sources */ = {isa = PBXBuildFile; fileRef = 268E22412CAFC5970017A422 /* SceneDelegate.swift */; };
		268E22442CAFC5970017A422 /* ViewController.swift in Sources */ = {isa = PBXBuildFile; fileRef = 268E22432CAFC5970017A422 /* ViewController.swift */; };
		268E22492CAFC5980017A422 /* Assets.xcassets in Resources */ = {isa = PBXBuildFile; fileRef = 268E22482CAFC5980017A422 /* Assets.xcassets */; };
		268E224C2CAFC5980017A422 /* LaunchScreen.storyboard in Resources */ = {isa = PBXBuildFile; fileRef = 268E224A2CAFC5980017A422 /* LaunchScreen.storyboard */; };
		268E22582CAFE59D0017A422 /* MovieTableViewCell.swift in Sources */ = {isa = PBXBuildFile; fileRef = 268E22572CAFE59D0017A422 /* MovieTableViewCell.swift */; };
		268E225A2CAFF0CB0017A422 /* Movie.swift in Sources */ = {isa = PBXBuildFile; fileRef = 268E22592CAFF0CB0017A422 /* Movie.swift */; };
		26DE97AC2CC63897002F0307 /* SnapKit in Frameworks */ = {isa = PBXBuildFile; productRef = 26DE97AB2CC63897002F0307 /* SnapKit */; };
		26DE97AE2CC63ABE002F0307 /* MovieDetailViewController.swift in Sources */ = {isa = PBXBuildFile; fileRef = 26DE97AD2CC63ABE002F0307 /* MovieDetailViewController.swift */; };
		26DE97B02CC75973002F0307 /* MovieDetail.swift in Sources */ = {isa = PBXBuildFile; fileRef = 26DE97AF2CC75973002F0307 /* MovieDetail.swift */; };
/* End PBXBuildFile section */

/* Begin PBXFileReference section */
		2614F8742CBA3291006EBE85 /* NetworkManager.swift */ = {isa = PBXFileReference; lastKnownFileType = sourcecode.swift; path = NetworkManager.swift; sourceTree = "<group>"; };
		268E223C2CAFC5970017A422 /* movie-db.app */ = {isa = PBXFileReference; explicitFileType = wrapper.application; includeInIndex = 0; path = "movie-db.app"; sourceTree = BUILT_PRODUCTS_DIR; };
		268E223F2CAFC5970017A422 /* AppDelegate.swift */ = {isa = PBXFileReference; lastKnownFileType = sourcecode.swift; path = AppDelegate.swift; sourceTree = "<group>"; };
		268E22412CAFC5970017A422 /* SceneDelegate.swift */ = {isa = PBXFileReference; lastKnownFileType = sourcecode.swift; path = SceneDelegate.swift; sourceTree = "<group>"; };
		268E22432CAFC5970017A422 /* ViewController.swift */ = {isa = PBXFileReference; lastKnownFileType = sourcecode.swift; path = ViewController.swift; sourceTree = "<group>"; };
		268E22482CAFC5980017A422 /* Assets.xcassets */ = {isa = PBXFileReference; lastKnownFileType = folder.assetcatalog; path = Assets.xcassets; sourceTree = "<group>"; };
		268E224B2CAFC5980017A422 /* Base */ = {isa = PBXFileReference; lastKnownFileType = file.storyboard; name = Base; path = Base.lproj/LaunchScreen.storyboard; sourceTree = "<group>"; };
		268E224D2CAFC5980017A422 /* Info.plist */ = {isa = PBXFileReference; lastKnownFileType = text.plist.xml; path = Info.plist; sourceTree = "<group>"; };
		268E22572CAFE59D0017A422 /* MovieTableViewCell.swift */ = {isa = PBXFileReference; lastKnownFileType = sourcecode.swift; path = MovieTableViewCell.swift; sourceTree = "<group>"; };
		268E22592CAFF0CB0017A422 /* Movie.swift */ = {isa = PBXFileReference; lastKnownFileType = sourcecode.swift; path = Movie.swift; sourceTree = "<group>"; };
		26DE97AD2CC63ABE002F0307 /* MovieDetailViewController.swift */ = {isa = PBXFileReference; lastKnownFileType = sourcecode.swift; path = MovieDetailViewController.swift; sourceTree = "<group>"; };
		26DE97AF2CC75973002F0307 /* MovieDetail.swift */ = {isa = PBXFileReference; lastKnownFileType = sourcecode.swift; path = MovieDetail.swift; sourceTree = "<group>"; };
/* End PBXFileReference section */

/* Begin PBXFrameworksBuildPhase section */
		268E22392CAFC5970017A422 /* Frameworks */ = {
			isa = PBXFrameworksBuildPhase;
			buildActionMask = 2147483647;
			files = (
				26DE97AC2CC63897002F0307 /* SnapKit in Frameworks */,
			);
			runOnlyForDeploymentPostprocessing = 0;
		};
/* End PBXFrameworksBuildPhase section */

/* Begin PBXGroup section */
		268E22332CAFC5970017A422 = {
			isa = PBXGroup;
			children = (
				268E223E2CAFC5970017A422 /* movie-db */,
				268E223D2CAFC5970017A422 /* Products */,
			);
			sourceTree = "<group>";
		};
		268E223D2CAFC5970017A422 /* Products */ = {
			isa = PBXGroup;
			children = (
				268E223C2CAFC5970017A422 /* movie-db.app */,
			);
			name = Products;
			sourceTree = "<group>";
		};
		268E223E2CAFC5970017A422 /* movie-db */ = {
			isa = PBXGroup;
			children = (
				268E223F2CAFC5970017A422 /* AppDelegate.swift */,
				268E22412CAFC5970017A422 /* SceneDelegate.swift */,
				268E22542CAFE5560017A422 /* Model */,
				268E22532CAFE5440017A422 /* View */,
				268E22552CAFE55D0017A422 /* Controller */,
				268E22482CAFC5980017A422 /* Assets.xcassets */,
				268E224A2CAFC5980017A422 /* LaunchScreen.storyboard */,
				268E224D2CAFC5980017A422 /* Info.plist */,
			);
			path = "movie-db";
			sourceTree = "<group>";
		};
		268E22532CAFE5440017A422 /* View */ = {
			isa = PBXGroup;
			children = (
				268E22432CAFC5970017A422 /* ViewController.swift */,
				268E22562CAFE56B0017A422 /* SubView */,
			);
			path = View;
			sourceTree = "<group>";
		};
		268E22542CAFE5560017A422 /* Model */ = {
			isa = PBXGroup;
			children = (
				268E22592CAFF0CB0017A422 /* Movie.swift */,
				26DE97AF2CC75973002F0307 /* MovieDetail.swift */,
			);
			path = Model;
			sourceTree = "<group>";
		};
		268E22552CAFE55D0017A422 /* Controller */ = {
			isa = PBXGroup;
			children = (
				2614F8742CBA3291006EBE85 /* NetworkManager.swift */,
			);
			path = Controller;
			sourceTree = "<group>";
		};
		268E22562CAFE56B0017A422 /* SubView */ = {
			isa = PBXGroup;
			children = (
				268E22572CAFE59D0017A422 /* MovieTableViewCell.swift */,
				26DE97AD2CC63ABE002F0307 /* MovieDetailViewController.swift */,
			);
			path = SubView;
			sourceTree = "<group>";
		};
/* End PBXGroup section */

/* Begin PBXNativeTarget section */
		268E223B2CAFC5970017A422 /* movie-db */ = {
			isa = PBXNativeTarget;
			buildConfigurationList = 268E22502CAFC5980017A422 /* Build configuration list for PBXNativeTarget "movie-db" */;
			buildPhases = (
				268E22382CAFC5970017A422 /* Sources */,
				268E22392CAFC5970017A422 /* Frameworks */,
				268E223A2CAFC5970017A422 /* Resources */,
			);
			buildRules = (
			);
			dependencies = (
			);
			name = "movie-db";
			packageProductDependencies = (
				26DE97AB2CC63897002F0307 /* SnapKit */,
			);
			productName = "movie-db";
			productReference = 268E223C2CAFC5970017A422 /* movie-db.app */;
			productType = "com.apple.product-type.application";
		};
/* End PBXNativeTarget section */

/* Begin PBXProject section */
		268E22342CAFC5970017A422 /* Project object */ = {
			isa = PBXProject;
			attributes = {
				BuildIndependentTargetsInParallel = 1;
				LastSwiftUpdateCheck = 1430;
				LastUpgradeCheck = 1430;
				TargetAttributes = {
					268E223B2CAFC5970017A422 = {
						CreatedOnToolsVersion = 14.3;
					};
				};
			};
			buildConfigurationList = 268E22372CAFC5970017A422 /* Build configuration list for PBXProject "movie-db" */;
			compatibilityVersion = "Xcode 14.0";
			developmentRegion = en;
			hasScannedForEncodings = 0;
			knownRegions = (
				en,
				Base,
			);
			mainGroup = 268E22332CAFC5970017A422;
			packageReferences = (
				26DE97AA2CC63897002F0307 /* XCRemoteSwiftPackageReference "SnapKit" */,
			);
			productRefGroup = 268E223D2CAFC5970017A422 /* Products */;
			projectDirPath = "";
			projectRoot = "";
			targets = (
				268E223B2CAFC5970017A422 /* movie-db */,
			);
		};
/* End PBXProject section */

/* Begin PBXResourcesBuildPhase section */
		268E223A2CAFC5970017A422 /* Resources */ = {
			isa = PBXResourcesBuildPhase;
			buildActionMask = 2147483647;
			files = (
				268E224C2CAFC5980017A422 /* LaunchScreen.storyboard in Resources */,
				268E22492CAFC5980017A422 /* Assets.xcassets in Resources */,
			);
			runOnlyForDeploymentPostprocessing = 0;
		};
/* End PBXResourcesBuildPhase section */

/* Begin PBXSourcesBuildPhase section */
		268E22382CAFC5970017A422 /* Sources */ = {
			isa = PBXSourcesBuildPhase;
			buildActionMask = 2147483647;
			files = (
				2614F8752CBA3291006EBE85 /* NetworkManager.swift in Sources */,
				268E22442CAFC5970017A422 /* ViewController.swift in Sources */,
				268E22402CAFC5970017A422 /* AppDelegate.swift in Sources */,
				268E22582CAFE59D0017A422 /* MovieTableViewCell.swift in Sources */,
				26DE97AE2CC63ABE002F0307 /* MovieDetailViewController.swift in Sources */,
				268E22422CAFC5970017A422 /* SceneDelegate.swift in Sources */,
				268E225A2CAFF0CB0017A422 /* Movie.swift in Sources */,
				26DE97B02CC75973002F0307 /* MovieDetail.swift in Sources */,
			);
			runOnlyForDeploymentPostprocessing = 0;
		};
/* End PBXSourcesBuildPhase section */

/* Begin PBXVariantGroup section */
		268E224A2CAFC5980017A422 /* LaunchScreen.storyboard */ = {
			isa = PBXVariantGroup;
			children = (
				268E224B2CAFC5980017A422 /* Base */,
			);
			name = LaunchScreen.storyboard;
			sourceTree = "<group>";
		};
/* End PBXVariantGroup section */

/* Begin XCBuildConfiguration section */
		268E224E2CAFC5980017A422 /* Debug */ = {
			isa = XCBuildConfiguration;
			buildSettings = {
				ALWAYS_SEARCH_USER_PATHS = NO;
				CLANG_ANALYZER_NONNULL = YES;
				CLANG_ANALYZER_NUMBER_OBJECT_CONVERSION = YES_AGGRESSIVE;
				CLANG_CXX_LANGUAGE_STANDARD = "gnu++20";
				CLANG_ENABLE_MODULES = YES;
				CLANG_ENABLE_OBJC_ARC = YES;
				CLANG_ENABLE_OBJC_WEAK = YES;
				CLANG_WARN_BLOCK_CAPTURE_AUTORELEASING = YES;
				CLANG_WARN_BOOL_CONVERSION = YES;
				CLANG_WARN_COMMA = YES;
				CLANG_WARN_CONSTANT_CONVERSION = YES;
				CLANG_WARN_DEPRECATED_OBJC_IMPLEMENTATIONS = YES;
				CLANG_WARN_DIRECT_OBJC_ISA_USAGE = YES_ERROR;
				CLANG_WARN_DOCUMENTATION_COMMENTS = YES;
				CLANG_WARN_EMPTY_BODY = YES;
				CLANG_WARN_ENUM_CONVERSION = YES;
				CLANG_WARN_INFINITE_RECURSION = YES;
				CLANG_WARN_INT_CONVERSION = YES;
				CLANG_WARN_NON_LITERAL_NULL_CONVERSION = YES;
				CLANG_WARN_OBJC_IMPLICIT_RETAIN_SELF = YES;
				CLANG_WARN_OBJC_LITERAL_CONVERSION = YES;
				CLANG_WARN_OBJC_ROOT_CLASS = YES_ERROR;
				CLANG_WARN_QUOTED_INCLUDE_IN_FRAMEWORK_HEADER = YES;
				CLANG_WARN_RANGE_LOOP_ANALYSIS = YES;
				CLANG_WARN_STRICT_PROTOTYPES = YES;
				CLANG_WARN_SUSPICIOUS_MOVE = YES;
				CLANG_WARN_UNGUARDED_AVAILABILITY = YES_AGGRESSIVE;
				CLANG_WARN_UNREACHABLE_CODE = YES;
				CLANG_WARN__DUPLICATE_METHOD_MATCH = YES;
				COPY_PHASE_STRIP = NO;
				DEBUG_INFORMATION_FORMAT = dwarf;
				ENABLE_STRICT_OBJC_MSGSEND = YES;
				ENABLE_TESTABILITY = YES;
				GCC_C_LANGUAGE_STANDARD = gnu11;
				GCC_DYNAMIC_NO_PIC = NO;
				GCC_NO_COMMON_BLOCKS = YES;
				GCC_OPTIMIZATION_LEVEL = 0;
				GCC_PREPROCESSOR_DEFINITIONS = (
					"DEBUG=1",
					"$(inherited)",
				);
				GCC_WARN_64_TO_32_BIT_CONVERSION = YES;
				GCC_WARN_ABOUT_RETURN_TYPE = YES_ERROR;
				GCC_WARN_UNDECLARED_SELECTOR = YES;
				GCC_WARN_UNINITIALIZED_AUTOS = YES_AGGRESSIVE;
				GCC_WARN_UNUSED_FUNCTION = YES;
				GCC_WARN_UNUSED_VARIABLE = YES;
				IPHONEOS_DEPLOYMENT_TARGET = 16.4;
				MTL_ENABLE_DEBUG_INFO = INCLUDE_SOURCE;
				MTL_FAST_MATH = YES;
				ONLY_ACTIVE_ARCH = YES;
				SDKROOT = iphoneos;
				SWIFT_ACTIVE_COMPILATION_CONDITIONS = DEBUG;
				SWIFT_OPTIMIZATION_LEVEL = "-Onone";
			};
			name = Debug;
		};
		268E224F2CAFC5980017A422 /* Release */ = {
			isa = XCBuildConfiguration;
			buildSettings = {
				ALWAYS_SEARCH_USER_PATHS = NO;
				CLANG_ANALYZER_NONNULL = YES;
				CLANG_ANALYZER_NUMBER_OBJECT_CONVERSION = YES_AGGRESSIVE;
				CLANG_CXX_LANGUAGE_STANDARD = "gnu++20";
				CLANG_ENABLE_MODULES = YES;
				CLANG_ENABLE_OBJC_ARC = YES;
				CLANG_ENABLE_OBJC_WEAK = YES;
				CLANG_WARN_BLOCK_CAPTURE_AUTORELEASING = YES;
				CLANG_WARN_BOOL_CONVERSION = YES;
				CLANG_WARN_COMMA = YES;
				CLANG_WARN_CONSTANT_CONVERSION = YES;
				CLANG_WARN_DEPRECATED_OBJC_IMPLEMENTATIONS = YES;
				CLANG_WARN_DIRECT_OBJC_ISA_USAGE = YES_ERROR;
				CLANG_WARN_DOCUMENTATION_COMMENTS = YES;
				CLANG_WARN_EMPTY_BODY = YES;
				CLANG_WARN_ENUM_CONVERSION = YES;
				CLANG_WARN_INFINITE_RECURSION = YES;
				CLANG_WARN_INT_CONVERSION = YES;
				CLANG_WARN_NON_LITERAL_NULL_CONVERSION = YES;
				CLANG_WARN_OBJC_IMPLICIT_RETAIN_SELF = YES;
				CLANG_WARN_OBJC_LITERAL_CONVERSION = YES;
				CLANG_WARN_OBJC_ROOT_CLASS = YES_ERROR;
				CLANG_WARN_QUOTED_INCLUDE_IN_FRAMEWORK_HEADER = YES;
				CLANG_WARN_RANGE_LOOP_ANALYSIS = YES;
				CLANG_WARN_STRICT_PROTOTYPES = YES;
				CLANG_WARN_SUSPICIOUS_MOVE = YES;
				CLANG_WARN_UNGUARDED_AVAILABILITY = YES_AGGRESSIVE;
				CLANG_WARN_UNREACHABLE_CODE = YES;
				CLANG_WARN__DUPLICATE_METHOD_MATCH = YES;
				COPY_PHASE_STRIP = NO;
				DEBUG_INFORMATION_FORMAT = "dwarf-with-dsym";
				ENABLE_NS_ASSERTIONS = NO;
				ENABLE_STRICT_OBJC_MSGSEND = YES;
				GCC_C_LANGUAGE_STANDARD = gnu11;
				GCC_NO_COMMON_BLOCKS = YES;
				GCC_WARN_64_TO_32_BIT_CONVERSION = YES;
				GCC_WARN_ABOUT_RETURN_TYPE = YES_ERROR;
				GCC_WARN_UNDECLARED_SELECTOR = YES;
				GCC_WARN_UNINITIALIZED_AUTOS = YES_AGGRESSIVE;
				GCC_WARN_UNUSED_FUNCTION = YES;
				GCC_WARN_UNUSED_VARIABLE = YES;
				IPHONEOS_DEPLOYMENT_TARGET = 16.4;
				MTL_ENABLE_DEBUG_INFO = NO;
				MTL_FAST_MATH = YES;
				SDKROOT = iphoneos;
				SWIFT_COMPILATION_MODE = wholemodule;
				SWIFT_OPTIMIZATION_LEVEL = "-O";
				VALIDATE_PRODUCT = YES;
			};
			name = Release;
		};
		268E22512CAFC5980017A422 /* Debug */ = {
			isa = XCBuildConfiguration;
			buildSettings = {
				ASSETCATALOG_COMPILER_APPICON_NAME = AppIcon;
				ASSETCATALOG_COMPILER_GLOBAL_ACCENT_COLOR_NAME = AccentColor;
				CODE_SIGN_STYLE = Automatic;
				CURRENT_PROJECT_VERSION = 1;
				DEVELOPMENT_TEAM = B6Q374WVVF;
				GENERATE_INFOPLIST_FILE = YES;
				INFOPLIST_FILE = "movie-db/Info.plist";
				INFOPLIST_KEY_UIApplicationSupportsIndirectInputEvents = YES;
				INFOPLIST_KEY_UILaunchStoryboardName = LaunchScreen;
				INFOPLIST_KEY_UISupportedInterfaceOrientations = UIInterfaceOrientationPortrait;
				INFOPLIST_KEY_UISupportedInterfaceOrientations_iPad = "UIInterfaceOrientationLandscapeLeft UIInterfaceOrientationLandscapeRight UIInterfaceOrientationPortrait UIInterfaceOrientationPortraitUpsideDown";
				IPHONEOS_DEPLOYMENT_TARGET = 16.2;
				LD_RUNPATH_SEARCH_PATHS = (
					"$(inherited)",
					"@executable_path/Frameworks",
				);
				MARKETING_VERSION = 1.0;
				PRODUCT_BUNDLE_IDENTIFIER = "com.galymzhanaitkaliyev.movie-db";
				PRODUCT_NAME = "$(TARGET_NAME)";
				SUPPORTED_PLATFORMS = "iphoneos iphonesimulator";
				SUPPORTS_MACCATALYST = NO;
				SUPPORTS_MAC_DESIGNED_FOR_IPHONE_IPAD = NO;
				SWIFT_EMIT_LOC_STRINGS = YES;
				SWIFT_VERSION = 5.0;
				TARGETED_DEVICE_FAMILY = 1;
			};
			name = Debug;
		};
		268E22522CAFC5980017A422 /* Release */ = {
			isa = XCBuildConfiguration;
			buildSettings = {
				ASSETCATALOG_COMPILER_APPICON_NAME = AppIcon;
				ASSETCATALOG_COMPILER_GLOBAL_ACCENT_COLOR_NAME = AccentColor;
				CODE_SIGN_STYLE = Automatic;
				CURRENT_PROJECT_VERSION = 1;
				DEVELOPMENT_TEAM = B6Q374WVVF;
				GENERATE_INFOPLIST_FILE = YES;
				INFOPLIST_FILE = "movie-db/Info.plist";
				INFOPLIST_KEY_UIApplicationSupportsIndirectInputEvents = YES;
				INFOPLIST_KEY_UILaunchStoryboardName = LaunchScreen;
				INFOPLIST_KEY_UISupportedInterfaceOrientations = UIInterfaceOrientationPortrait;
				INFOPLIST_KEY_UISupportedInterfaceOrientations_iPad = "UIInterfaceOrientationLandscapeLeft UIInterfaceOrientationLandscapeRight UIInterfaceOrientationPortrait UIInterfaceOrientationPortraitUpsideDown";
				IPHONEOS_DEPLOYMENT_TARGET = 16.2;
				LD_RUNPATH_SEARCH_PATHS = (
					"$(inherited)",
					"@executable_path/Frameworks",
				);
				MARKETING_VERSION = 1.0;
				PRODUCT_BUNDLE_IDENTIFIER = "com.galymzhanaitkaliyev.movie-db";
				PRODUCT_NAME = "$(TARGET_NAME)";
				SUPPORTED_PLATFORMS = "iphoneos iphonesimulator";
				SUPPORTS_MACCATALYST = NO;
				SUPPORTS_MAC_DESIGNED_FOR_IPHONE_IPAD = NO;
				SWIFT_EMIT_LOC_STRINGS = YES;
				SWIFT_VERSION = 5.0;
				TARGETED_DEVICE_FAMILY = 1;
			};
			name = Release;
		};
/* End XCBuildConfiguration section */

/* Begin XCConfigurationList section */
		268E22372CAFC5970017A422 /* Build configuration list for PBXProject "movie-db" */ = {
			isa = XCConfigurationList;
			buildConfigurations = (
				268E224E2CAFC5980017A422 /* Debug */,
				268E224F2CAFC5980017A422 /* Release */,
			);
			defaultConfigurationIsVisible = 0;
			defaultConfigurationName = Release;
		};
		268E22502CAFC5980017A422 /* Build configuration list for PBXNativeTarget "movie-db" */ = {
			isa = XCConfigurationList;
			buildConfigurations = (
				268E22512CAFC5980017A422 /* Debug */,
				268E22522CAFC5980017A422 /* Release */,
			);
			defaultConfigurationIsVisible = 0;
			defaultConfigurationName = Release;
		};
/* End XCConfigurationList section */

/* Begin XCRemoteSwiftPackageReference section */
		26DE97AA2CC63897002F0307 /* XCRemoteSwiftPackageReference "SnapKit" */ = {
			isa = XCRemoteSwiftPackageReference;
			repositoryURL = "https://github.com/SnapKit/SnapKit.git";
			requirement = {
				kind = upToNextMinorVersion;
				minimumVersion = 5.7.0;
			};
		};
/* End XCRemoteSwiftPackageReference section */

/* Begin XCSwiftPackageProductDependency section */
		26DE97AB2CC63897002F0307 /* SnapKit */ = {
			isa = XCSwiftPackageProductDependency;
			package = 26DE97AA2CC63897002F0307 /* XCRemoteSwiftPackageReference "SnapKit" */;
			productName = SnapKit;
		};
/* End XCSwiftPackageProductDependency section */
	};
	rootObject = 268E22342CAFC5970017A422 /* Project object */;
}
